// !$*UTF8*$!
{
	archiveVersion = 1;
	classes = {
	};
	objectVersion = 50;
	objects = {

/* Begin PBXBuildFile section */
		243FFA30E1C26E6CAE1D01BC /* libPods-Notes.a in Frameworks */ = {isa = PBXBuildFile; fileRef = DF9B90939174A31EE3569646 /* libPods-Notes.a */; };
		2C6CA40D22C8A5FA00B2F7D5 /* AppDelegate.swift in Sources */ = {isa = PBXBuildFile; fileRef = 2C6CA40C22C8A5FA00B2F7D5 /* AppDelegate.swift */; };
		2C6CA40F22C8A5FA00B2F7D5 /* ViewController.swift in Sources */ = {isa = PBXBuildFile; fileRef = 2C6CA40E22C8A5FA00B2F7D5 /* ViewController.swift */; };
		2C6CA41222C8A5FA00B2F7D5 /* Main.storyboard in Resources */ = {isa = PBXBuildFile; fileRef = 2C6CA41022C8A5FA00B2F7D5 /* Main.storyboard */; };
		2C6CA41722C8A60000B2F7D5 /* LaunchScreen.storyboard in Resources */ = {isa = PBXBuildFile; fileRef = 2C6CA41522C8A60000B2F7D5 /* LaunchScreen.storyboard */; };
		2C6CA42222C8A60000B2F7D5 /* NotesTests.swift in Sources */ = {isa = PBXBuildFile; fileRef = 2C6CA42122C8A60000B2F7D5 /* NotesTests.swift */; };
		2C6CA43322C8A7E800B2F7D5 /* FileNotebook.swift in Sources */ = {isa = PBXBuildFile; fileRef = 2C6CA43022C8A7E800B2F7D5 /* FileNotebook.swift */; };
		2C6CA43422C8A7E800B2F7D5 /* NoteExtension.swift in Sources */ = {isa = PBXBuildFile; fileRef = 2C6CA43122C8A7E800B2F7D5 /* NoteExtension.swift */; };
		2C6CA43522C8A7E800B2F7D5 /* Note.swift in Sources */ = {isa = PBXBuildFile; fileRef = 2C6CA43222C8A7E800B2F7D5 /* Note.swift */; };
		2C7BD5D222D887AB00DEB80E /* Assets.xcassets in Resources */ = {isa = PBXBuildFile; fileRef = 2C7BD5D122D887AB00DEB80E /* Assets.xcassets */; };
		2C7BD5D822D8B2F600DEB80E /* SelectionFlag.swift in Sources */ = {isa = PBXBuildFile; fileRef = 2C7BD5D722D8B2F600DEB80E /* SelectionFlag.swift */; };
		2C828AC422D8D3CE00C7E459 /* HSBColorPicker.swift in Sources */ = {isa = PBXBuildFile; fileRef = 2C828AC322D8D3CE00C7E459 /* HSBColorPicker.swift */; };
		2CF74C2B22D9D21500EA1FE1 /* ColorPicker.swift in Sources */ = {isa = PBXBuildFile; fileRef = 2CF74C2822D9D21400EA1FE1 /* ColorPicker.swift */; };
		2CF74C2C22D9D21500EA1FE1 /* ColorPicker.xib in Resources */ = {isa = PBXBuildFile; fileRef = 2CF74C2922D9D21400EA1FE1 /* ColorPicker.xib */; };
		2CF74C2D22D9D21500EA1FE1 /* HSBView.swift in Sources */ = {isa = PBXBuildFile; fileRef = 2CF74C2A22D9D21400EA1FE1 /* HSBView.swift */; };
		2CF74C2F22D9DAE900EA1FE1 /* HSBCell.swift in Sources */ = {isa = PBXBuildFile; fileRef = 2CF74C2E22D9DAE900EA1FE1 /* HSBCell.swift */; };
		913E02783E9220DD09FB56DE /* libPods-NotesTests.a in Frameworks */ = {isa = PBXBuildFile; fileRef = E0E4A9A0CF2DCDAA2DC36120 /* libPods-NotesTests.a */; };
/* End PBXBuildFile section */

/* Begin PBXContainerItemProxy section */
		2C6CA41E22C8A60000B2F7D5 /* PBXContainerItemProxy */ = {
			isa = PBXContainerItemProxy;
			containerPortal = 2C6CA40122C8A5F900B2F7D5 /* Project object */;
			proxyType = 1;
			remoteGlobalIDString = 2C6CA40822C8A5F900B2F7D5;
			remoteInfo = Notes;
		};
/* End PBXContainerItemProxy section */

/* Begin PBXFileReference section */
		0899DE48B4D8EBDF6C704347 /* Pods-NotesTests.release.xcconfig */ = {isa = PBXFileReference; includeInIndex = 1; lastKnownFileType = text.xcconfig; name = "Pods-NotesTests.release.xcconfig"; path = "Pods/Target Support Files/Pods-NotesTests/Pods-NotesTests.release.xcconfig"; sourceTree = "<group>"; };
		1967612ECDD7CB0C9E405A63 /* Pods-NotesTests.debug.xcconfig */ = {isa = PBXFileReference; includeInIndex = 1; lastKnownFileType = text.xcconfig; name = "Pods-NotesTests.debug.xcconfig"; path = "Pods/Target Support Files/Pods-NotesTests/Pods-NotesTests.debug.xcconfig"; sourceTree = "<group>"; };
		2C6CA40922C8A5FA00B2F7D5 /* Notes.app */ = {isa = PBXFileReference; explicitFileType = wrapper.application; includeInIndex = 0; path = Notes.app; sourceTree = BUILT_PRODUCTS_DIR; };
		2C6CA40C22C8A5FA00B2F7D5 /* AppDelegate.swift */ = {isa = PBXFileReference; lastKnownFileType = sourcecode.swift; path = AppDelegate.swift; sourceTree = "<group>"; };
		2C6CA40E22C8A5FA00B2F7D5 /* ViewController.swift */ = {isa = PBXFileReference; lastKnownFileType = sourcecode.swift; path = ViewController.swift; sourceTree = "<group>"; };
		2C6CA41122C8A5FA00B2F7D5 /* Base */ = {isa = PBXFileReference; lastKnownFileType = file.storyboard; name = Base; path = Base.lproj/Main.storyboard; sourceTree = "<group>"; };
		2C6CA41622C8A60000B2F7D5 /* Base */ = {isa = PBXFileReference; lastKnownFileType = file.storyboard; name = Base; path = Base.lproj/LaunchScreen.storyboard; sourceTree = "<group>"; };
		2C6CA41822C8A60000B2F7D5 /* Info.plist */ = {isa = PBXFileReference; lastKnownFileType = text.plist.xml; path = Info.plist; sourceTree = "<group>"; };
		2C6CA41D22C8A60000B2F7D5 /* NotesTests.xctest */ = {isa = PBXFileReference; explicitFileType = wrapper.cfbundle; includeInIndex = 0; path = NotesTests.xctest; sourceTree = BUILT_PRODUCTS_DIR; };
		2C6CA42122C8A60000B2F7D5 /* NotesTests.swift */ = {isa = PBXFileReference; lastKnownFileType = sourcecode.swift; path = NotesTests.swift; sourceTree = "<group>"; };
		2C6CA42322C8A60000B2F7D5 /* Info.plist */ = {isa = PBXFileReference; lastKnownFileType = text.plist.xml; path = Info.plist; sourceTree = "<group>"; };
		2C6CA43022C8A7E800B2F7D5 /* FileNotebook.swift */ = {isa = PBXFileReference; fileEncoding = 4; lastKnownFileType = sourcecode.swift; path = FileNotebook.swift; sourceTree = "<group>"; };
		2C6CA43122C8A7E800B2F7D5 /* NoteExtension.swift */ = {isa = PBXFileReference; fileEncoding = 4; lastKnownFileType = sourcecode.swift; path = NoteExtension.swift; sourceTree = "<group>"; };
		2C6CA43222C8A7E800B2F7D5 /* Note.swift */ = {isa = PBXFileReference; fileEncoding = 4; lastKnownFileType = sourcecode.swift; path = Note.swift; sourceTree = "<group>"; };
		2C7BD5D122D887AB00DEB80E /* Assets.xcassets */ = {isa = PBXFileReference; lastKnownFileType = folder.assetcatalog; path = Assets.xcassets; sourceTree = "<group>"; };
		2C7BD5D722D8B2F600DEB80E /* SelectionFlag.swift */ = {isa = PBXFileReference; lastKnownFileType = sourcecode.swift; name = SelectionFlag.swift; path = views/SelectionFlag.swift; sourceTree = "<group>"; };
		2C828AC322D8D3CE00C7E459 /* HSBColorPicker.swift */ = {isa = PBXFileReference; lastKnownFileType = sourcecode.swift; path = HSBColorPicker.swift; sourceTree = "<group>"; };
		2CDDBBD322CD0148005A1B43 /* ConfigInfo.txt */ = {isa = PBXFileReference; lastKnownFileType = text; path = ConfigInfo.txt; sourceTree = "<group>"; };
		2CF74C2822D9D21400EA1FE1 /* ColorPicker.swift */ = {isa = PBXFileReference; fileEncoding = 4; lastKnownFileType = sourcecode.swift; path = ColorPicker.swift; sourceTree = "<group>"; };
		2CF74C2922D9D21400EA1FE1 /* ColorPicker.xib */ = {isa = PBXFileReference; fileEncoding = 4; lastKnownFileType = file.xib; path = ColorPicker.xib; sourceTree = "<group>"; };
		2CF74C2A22D9D21400EA1FE1 /* HSBView.swift */ = {isa = PBXFileReference; fileEncoding = 4; lastKnownFileType = sourcecode.swift; path = HSBView.swift; sourceTree = "<group>"; };
		2CF74C2E22D9DAE900EA1FE1 /* HSBCell.swift */ = {isa = PBXFileReference; fileEncoding = 4; lastKnownFileType = sourcecode.swift; path = HSBCell.swift; sourceTree = "<group>"; };
		54AEFCA3BAE913BA41C649B0 /* Pods-Notes.paid.xcconfig */ = {isa = PBXFileReference; includeInIndex = 1; lastKnownFileType = text.xcconfig; name = "Pods-Notes.paid.xcconfig"; path = "Pods/Target Support Files/Pods-Notes/Pods-Notes.paid.xcconfig"; sourceTree = "<group>"; };
		6F69C586301EAE0A4D2DEAAA /* Pods-NotesTests.paid.xcconfig */ = {isa = PBXFileReference; includeInIndex = 1; lastKnownFileType = text.xcconfig; name = "Pods-NotesTests.paid.xcconfig"; path = "Pods/Target Support Files/Pods-NotesTests/Pods-NotesTests.paid.xcconfig"; sourceTree = "<group>"; };
		97E8CA4A3A541CB54977EA80 /* Pods-Notes.release.xcconfig */ = {isa = PBXFileReference; includeInIndex = 1; lastKnownFileType = text.xcconfig; name = "Pods-Notes.release.xcconfig"; path = "Pods/Target Support Files/Pods-Notes/Pods-Notes.release.xcconfig"; sourceTree = "<group>"; };
		A18555958AB448D9C2A251E2 /* Pods-Notes.debug.xcconfig */ = {isa = PBXFileReference; includeInIndex = 1; lastKnownFileType = text.xcconfig; name = "Pods-Notes.debug.xcconfig"; path = "Pods/Target Support Files/Pods-Notes/Pods-Notes.debug.xcconfig"; sourceTree = "<group>"; };
		DF9B90939174A31EE3569646 /* libPods-Notes.a */ = {isa = PBXFileReference; explicitFileType = archive.ar; includeInIndex = 0; path = "libPods-Notes.a"; sourceTree = BUILT_PRODUCTS_DIR; };
		E0E4A9A0CF2DCDAA2DC36120 /* libPods-NotesTests.a */ = {isa = PBXFileReference; explicitFileType = archive.ar; includeInIndex = 0; path = "libPods-NotesTests.a"; sourceTree = BUILT_PRODUCTS_DIR; };
/* End PBXFileReference section */

/* Begin PBXFrameworksBuildPhase section */
		2C6CA40622C8A5F900B2F7D5 /* Frameworks */ = {
			isa = PBXFrameworksBuildPhase;
			buildActionMask = 2147483647;
			files = (
				243FFA30E1C26E6CAE1D01BC /* libPods-Notes.a in Frameworks */,
			);
			runOnlyForDeploymentPostprocessing = 0;
		};
		2C6CA41A22C8A60000B2F7D5 /* Frameworks */ = {
			isa = PBXFrameworksBuildPhase;
			buildActionMask = 2147483647;
			files = (
				913E02783E9220DD09FB56DE /* libPods-NotesTests.a in Frameworks */,
			);
			runOnlyForDeploymentPostprocessing = 0;
		};
/* End PBXFrameworksBuildPhase section */

/* Begin PBXGroup section */
		2C6CA40022C8A5F900B2F7D5 = {
			isa = PBXGroup;
			children = (
				2CDDBBD322CD0148005A1B43 /* ConfigInfo.txt */,
				2C6CA40B22C8A5FA00B2F7D5 /* Notes */,
				2C6CA42022C8A60000B2F7D5 /* NotesTests */,
				2C6CA40A22C8A5FA00B2F7D5 /* Products */,
				B6DCF8719F950138193DFE30 /* Pods */,
				A0E4727BF61E386F7FF0E3B3 /* Frameworks */,
			);
			sourceTree = "<group>";
		};
		2C6CA40A22C8A5FA00B2F7D5 /* Products */ = {
			isa = PBXGroup;
			children = (
				2C6CA40922C8A5FA00B2F7D5 /* Notes.app */,
				2C6CA41D22C8A60000B2F7D5 /* NotesTests.xctest */,
			);
			name = Products;
			sourceTree = "<group>";
		};
		2C6CA40B22C8A5FA00B2F7D5 /* Notes */ = {
			isa = PBXGroup;
			children = (
				2CF74C2722D9D21400EA1FE1 /* ColorPicker */,
				2C7BD5D122D887AB00DEB80E /* Assets.xcassets */,
				2C6CA42F22C8A79B00B2F7D5 /* Model */,
				2C6CA40C22C8A5FA00B2F7D5 /* AppDelegate.swift */,
				2CF74C2E22D9DAE900EA1FE1 /* HSBCell.swift */,
				2C6CA40E22C8A5FA00B2F7D5 /* ViewController.swift */,
				2C6CA41022C8A5FA00B2F7D5 /* Main.storyboard */,
				2C828AC322D8D3CE00C7E459 /* HSBColorPicker.swift */,
				2C6CA41522C8A60000B2F7D5 /* LaunchScreen.storyboard */,
				2C6CA41822C8A60000B2F7D5 /* Info.plist */,
				2C7BD5D722D8B2F600DEB80E /* SelectionFlag.swift */,
			);
			path = Notes;
			sourceTree = "<group>";
		};
		2C6CA42022C8A60000B2F7D5 /* NotesTests */ = {
			isa = PBXGroup;
			children = (
				2C6CA42122C8A60000B2F7D5 /* NotesTests.swift */,
				2C6CA42322C8A60000B2F7D5 /* Info.plist */,
			);
			path = NotesTests;
			sourceTree = "<group>";
		};
		2C6CA42F22C8A79B00B2F7D5 /* Model */ = {
			isa = PBXGroup;
			children = (
				2C6CA43022C8A7E800B2F7D5 /* FileNotebook.swift */,
				2C6CA43222C8A7E800B2F7D5 /* Note.swift */,
				2C6CA43122C8A7E800B2F7D5 /* NoteExtension.swift */,
			);
			path = Model;
			sourceTree = "<group>";
		};
		2CF74C2722D9D21400EA1FE1 /* ColorPicker */ = {
			isa = PBXGroup;
			children = (
				2CF74C2822D9D21400EA1FE1 /* ColorPicker.swift */,
				2CF74C2922D9D21400EA1FE1 /* ColorPicker.xib */,
				2CF74C2A22D9D21400EA1FE1 /* HSBView.swift */,
			);
			path = ColorPicker;
			sourceTree = "<group>";
		};
		A0E4727BF61E386F7FF0E3B3 /* Frameworks */ = {
			isa = PBXGroup;
			children = (
				DF9B90939174A31EE3569646 /* libPods-Notes.a */,
				E0E4A9A0CF2DCDAA2DC36120 /* libPods-NotesTests.a */,
			);
			name = Frameworks;
			sourceTree = "<group>";
		};
		B6DCF8719F950138193DFE30 /* Pods */ = {
			isa = PBXGroup;
			children = (
				A18555958AB448D9C2A251E2 /* Pods-Notes.debug.xcconfig */,
				97E8CA4A3A541CB54977EA80 /* Pods-Notes.release.xcconfig */,
				54AEFCA3BAE913BA41C649B0 /* Pods-Notes.paid.xcconfig */,
				1967612ECDD7CB0C9E405A63 /* Pods-NotesTests.debug.xcconfig */,
				0899DE48B4D8EBDF6C704347 /* Pods-NotesTests.release.xcconfig */,
				6F69C586301EAE0A4D2DEAAA /* Pods-NotesTests.paid.xcconfig */,
			);
			name = Pods;
			sourceTree = "<group>";
		};
/* End PBXGroup section */

/* Begin PBXNativeTarget section */
		2C6CA40822C8A5F900B2F7D5 /* Notes */ = {
			isa = PBXNativeTarget;
			buildConfigurationList = 2C6CA42622C8A60000B2F7D5 /* Build configuration list for PBXNativeTarget "Notes" */;
			buildPhases = (
				E335EC9495E14D0005E7B5B4 /* [CP] Check Pods Manifest.lock */,
				2C6CA40522C8A5F900B2F7D5 /* Sources */,
				2C6CA40622C8A5F900B2F7D5 /* Frameworks */,
				2C6CA40722C8A5F900B2F7D5 /* Resources */,
			);
			buildRules = (
			);
			dependencies = (
			);
			name = Notes;
			productName = Notes;
			productReference = 2C6CA40922C8A5FA00B2F7D5 /* Notes.app */;
			productType = "com.apple.product-type.application";
		};
		2C6CA41C22C8A60000B2F7D5 /* NotesTests */ = {
			isa = PBXNativeTarget;
			buildConfigurationList = 2C6CA42922C8A60000B2F7D5 /* Build configuration list for PBXNativeTarget "NotesTests" */;
			buildPhases = (
				B6524034FA78ED656151572F /* [CP] Check Pods Manifest.lock */,
				2C6CA41922C8A60000B2F7D5 /* Sources */,
				2C6CA41A22C8A60000B2F7D5 /* Frameworks */,
				2C6CA41B22C8A60000B2F7D5 /* Resources */,
			);
			buildRules = (
			);
			dependencies = (
				2C6CA41F22C8A60000B2F7D5 /* PBXTargetDependency */,
			);
			name = NotesTests;
			productName = NotesTests;
			productReference = 2C6CA41D22C8A60000B2F7D5 /* NotesTests.xctest */;
			productType = "com.apple.product-type.bundle.unit-test";
		};
/* End PBXNativeTarget section */

/* Begin PBXProject section */
		2C6CA40122C8A5F900B2F7D5 /* Project object */ = {
			isa = PBXProject;
			attributes = {
				LastSwiftUpdateCheck = 1020;
				LastUpgradeCheck = 1020;
				ORGANIZATIONNAME = "ВЗБИВЕНЬ";
				TargetAttributes = {
					2C6CA40822C8A5F900B2F7D5 = {
						CreatedOnToolsVersion = 10.2.1;
					};
					2C6CA41C22C8A60000B2F7D5 = {
						CreatedOnToolsVersion = 10.2.1;
						TestTargetID = 2C6CA40822C8A5F900B2F7D5;
					};
				};
			};
			buildConfigurationList = 2C6CA40422C8A5F900B2F7D5 /* Build configuration list for PBXProject "Notes" */;
			compatibilityVersion = "Xcode 9.3";
			developmentRegion = en;
			hasScannedForEncodings = 0;
			knownRegions = (
				en,
				Base,
			);
			mainGroup = 2C6CA40022C8A5F900B2F7D5;
			productRefGroup = 2C6CA40A22C8A5FA00B2F7D5 /* Products */;
			projectDirPath = "";
			projectRoot = "";
			targets = (
				2C6CA40822C8A5F900B2F7D5 /* Notes */,
				2C6CA41C22C8A60000B2F7D5 /* NotesTests */,
			);
		};
/* End PBXProject section */

/* Begin PBXResourcesBuildPhase section */
		2C6CA40722C8A5F900B2F7D5 /* Resources */ = {
			isa = PBXResourcesBuildPhase;
			buildActionMask = 2147483647;
			files = (
				2C6CA41722C8A60000B2F7D5 /* LaunchScreen.storyboard in Resources */,
				2CF74C2C22D9D21500EA1FE1 /* ColorPicker.xib in Resources */,
				2C7BD5D222D887AB00DEB80E /* Assets.xcassets in Resources */,
				2C6CA41222C8A5FA00B2F7D5 /* Main.storyboard in Resources */,
			);
			runOnlyForDeploymentPostprocessing = 0;
		};
		2C6CA41B22C8A60000B2F7D5 /* Resources */ = {
			isa = PBXResourcesBuildPhase;
			buildActionMask = 2147483647;
			files = (
			);
			runOnlyForDeploymentPostprocessing = 0;
		};
/* End PBXResourcesBuildPhase section */

/* Begin PBXShellScriptBuildPhase section */
		B6524034FA78ED656151572F /* [CP] Check Pods Manifest.lock */ = {
			isa = PBXShellScriptBuildPhase;
			buildActionMask = 2147483647;
			files = (
			);
			inputPaths = (
				"${PODS_PODFILE_DIR_PATH}/Podfile.lock",
				"${PODS_ROOT}/Manifest.lock",
			);
			name = "[CP] Check Pods Manifest.lock";
			outputPaths = (
				"$(DERIVED_FILE_DIR)/Pods-NotesTests-checkManifestLockResult.txt",
			);
			runOnlyForDeploymentPostprocessing = 0;
			shellPath = /bin/sh;
			shellScript = "diff \"${PODS_PODFILE_DIR_PATH}/Podfile.lock\" \"${PODS_ROOT}/Manifest.lock\" > /dev/null\nif [ $? != 0 ] ; then\n    # print error to STDERR\n    echo \"error: The sandbox is not in sync with the Podfile.lock. Run 'pod install' or update your CocoaPods installation.\" >&2\n    exit 1\nfi\n# This output is used by Xcode 'outputs' to avoid re-running this script phase.\necho \"SUCCESS\" > \"${SCRIPT_OUTPUT_FILE_0}\"\n";
			showEnvVarsInLog = 0;
		};
		E335EC9495E14D0005E7B5B4 /* [CP] Check Pods Manifest.lock */ = {
			isa = PBXShellScriptBuildPhase;
			buildActionMask = 2147483647;
			files = (
			);
			inputPaths = (
				"${PODS_PODFILE_DIR_PATH}/Podfile.lock",
				"${PODS_ROOT}/Manifest.lock",
			);
			name = "[CP] Check Pods Manifest.lock";
			outputPaths = (
				"$(DERIVED_FILE_DIR)/Pods-Notes-checkManifestLockResult.txt",
			);
			runOnlyForDeploymentPostprocessing = 0;
			shellPath = /bin/sh;
			shellScript = "diff \"${PODS_PODFILE_DIR_PATH}/Podfile.lock\" \"${PODS_ROOT}/Manifest.lock\" > /dev/null\nif [ $? != 0 ] ; then\n    # print error to STDERR\n    echo \"error: The sandbox is not in sync with the Podfile.lock. Run 'pod install' or update your CocoaPods installation.\" >&2\n    exit 1\nfi\n# This output is used by Xcode 'outputs' to avoid re-running this script phase.\necho \"SUCCESS\" > \"${SCRIPT_OUTPUT_FILE_0}\"\n";
			showEnvVarsInLog = 0;
		};
/* End PBXShellScriptBuildPhase section */

/* Begin PBXSourcesBuildPhase section */
		2C6CA40522C8A5F900B2F7D5 /* Sources */ = {
			isa = PBXSourcesBuildPhase;
			buildActionMask = 2147483647;
			files = (
				2CF74C2F22D9DAE900EA1FE1 /* HSBCell.swift in Sources */,
				2C6CA43522C8A7E800B2F7D5 /* Note.swift in Sources */,
				2CF74C2B22D9D21500EA1FE1 /* ColorPicker.swift in Sources */,
				2C6CA43322C8A7E800B2F7D5 /* FileNotebook.swift in Sources */,
				2C7BD5D822D8B2F600DEB80E /* SelectionFlag.swift in Sources */,
				2C6CA43422C8A7E800B2F7D5 /* NoteExtension.swift in Sources */,
				2C828AC422D8D3CE00C7E459 /* HSBColorPicker.swift in Sources */,
				2C6CA40F22C8A5FA00B2F7D5 /* ViewController.swift in Sources */,
				2CF74C2D22D9D21500EA1FE1 /* HSBView.swift in Sources */,
				2C6CA40D22C8A5FA00B2F7D5 /* AppDelegate.swift in Sources */,
			);
			runOnlyForDeploymentPostprocessing = 0;
		};
		2C6CA41922C8A60000B2F7D5 /* Sources */ = {
			isa = PBXSourcesBuildPhase;
			buildActionMask = 2147483647;
			files = (
				2C6CA42222C8A60000B2F7D5 /* NotesTests.swift in Sources */,
			);
			runOnlyForDeploymentPostprocessing = 0;
		};
/* End PBXSourcesBuildPhase section */

/* Begin PBXTargetDependency section */
		2C6CA41F22C8A60000B2F7D5 /* PBXTargetDependency */ = {
			isa = PBXTargetDependency;
			target = 2C6CA40822C8A5F900B2F7D5 /* Notes */;
			targetProxy = 2C6CA41E22C8A60000B2F7D5 /* PBXContainerItemProxy */;
		};
/* End PBXTargetDependency section */

/* Begin PBXVariantGroup section */
		2C6CA41022C8A5FA00B2F7D5 /* Main.storyboard */ = {
			isa = PBXVariantGroup;
			children = (
				2C6CA41122C8A5FA00B2F7D5 /* Base */,
			);
			name = Main.storyboard;
			sourceTree = "<group>";
		};
		2C6CA41522C8A60000B2F7D5 /* LaunchScreen.storyboard */ = {
			isa = PBXVariantGroup;
			children = (
				2C6CA41622C8A60000B2F7D5 /* Base */,
			);
			name = LaunchScreen.storyboard;
			sourceTree = "<group>";
		};
/* End PBXVariantGroup section */

/* Begin XCBuildConfiguration section */
		2C6CA42422C8A60000B2F7D5 /* Debug */ = {
			isa = XCBuildConfiguration;
			buildSettings = {
				ALWAYS_SEARCH_USER_PATHS = NO;
				ASSETCATALOG_COMPILER_APPICON_NAME = "";
				CLANG_ANALYZER_NONNULL = YES;
				CLANG_ANALYZER_NUMBER_OBJECT_CONVERSION = YES_AGGRESSIVE;
				CLANG_CXX_LANGUAGE_STANDARD = "gnu++14";
				CLANG_CXX_LIBRARY = "libc++";
				CLANG_ENABLE_MODULES = YES;
				CLANG_ENABLE_OBJC_ARC = YES;
				CLANG_ENABLE_OBJC_WEAK = YES;
				CLANG_WARN_BLOCK_CAPTURE_AUTORELEASING = YES;
				CLANG_WARN_BOOL_CONVERSION = YES;
				CLANG_WARN_COMMA = YES;
				CLANG_WARN_CONSTANT_CONVERSION = YES;
				CLANG_WARN_DEPRECATED_OBJC_IMPLEMENTATIONS = YES;
				CLANG_WARN_DIRECT_OBJC_ISA_USAGE = YES_ERROR;
				CLANG_WARN_DOCUMENTATION_COMMENTS = YES;
				CLANG_WARN_EMPTY_BODY = YES;
				CLANG_WARN_ENUM_CONVERSION = YES;
				CLANG_WARN_INFINITE_RECURSION = YES;
				CLANG_WARN_INT_CONVERSION = YES;
				CLANG_WARN_NON_LITERAL_NULL_CONVERSION = YES;
				CLANG_WARN_OBJC_IMPLICIT_RETAIN_SELF = YES;
				CLANG_WARN_OBJC_LITERAL_CONVERSION = YES;
				CLANG_WARN_OBJC_ROOT_CLASS = YES_ERROR;
				CLANG_WARN_RANGE_LOOP_ANALYSIS = YES;
				CLANG_WARN_STRICT_PROTOTYPES = YES;
				CLANG_WARN_SUSPICIOUS_MOVE = YES;
				CLANG_WARN_UNGUARDED_AVAILABILITY = YES_AGGRESSIVE;
				CLANG_WARN_UNREACHABLE_CODE = YES;
				CLANG_WARN__DUPLICATE_METHOD_MATCH = YES;
				CODE_SIGN_IDENTITY = "iPhone Developer";
				COPY_PHASE_STRIP = NO;
				DEBUG_INFORMATION_FORMAT = dwarf;
				ENABLE_STRICT_OBJC_MSGSEND = YES;
				ENABLE_TESTABILITY = YES;
				GCC_C_LANGUAGE_STANDARD = gnu11;
				GCC_DYNAMIC_NO_PIC = NO;
				GCC_NO_COMMON_BLOCKS = YES;
				GCC_OPTIMIZATION_LEVEL = 0;
				GCC_PREPROCESSOR_DEFINITIONS = (
					"DEBUG=1",
					"$(inherited)",
				);
				GCC_WARN_64_TO_32_BIT_CONVERSION = YES;
				GCC_WARN_ABOUT_RETURN_TYPE = YES_ERROR;
				GCC_WARN_UNDECLARED_SELECTOR = YES;
				GCC_WARN_UNINITIALIZED_AUTOS = YES_AGGRESSIVE;
				GCC_WARN_UNUSED_FUNCTION = YES;
				GCC_WARN_UNUSED_VARIABLE = YES;
				IPHONEOS_DEPLOYMENT_TARGET = 12.0;
				Licence_key = free_key321;
				MTL_ENABLE_DEBUG_INFO = INCLUDE_SOURCE;
				MTL_FAST_MATH = YES;
				ONLY_ACTIVE_ARCH = YES;
				SDKROOT = iphoneos;
				SWIFT_ACTIVE_COMPILATION_CONDITIONS = DEBUG;
				SWIFT_OPTIMIZATION_LEVEL = "-Onone";
			};
			name = Debug;
		};
		2C6CA42522C8A60000B2F7D5 /* Release */ = {
			isa = XCBuildConfiguration;
			buildSettings = {
				ALWAYS_SEARCH_USER_PATHS = NO;
				ASSETCATALOG_COMPILER_APPICON_NAME = "";
				CLANG_ANALYZER_NONNULL = YES;
				CLANG_ANALYZER_NUMBER_OBJECT_CONVERSION = YES_AGGRESSIVE;
				CLANG_CXX_LANGUAGE_STANDARD = "gnu++14";
				CLANG_CXX_LIBRARY = "libc++";
				CLANG_ENABLE_MODULES = YES;
				CLANG_ENABLE_OBJC_ARC = YES;
				CLANG_ENABLE_OBJC_WEAK = YES;
				CLANG_WARN_BLOCK_CAPTURE_AUTORELEASING = YES;
				CLANG_WARN_BOOL_CONVERSION = YES;
				CLANG_WARN_COMMA = YES;
				CLANG_WARN_CONSTANT_CONVERSION = YES;
				CLANG_WARN_DEPRECATED_OBJC_IMPLEMENTATIONS = YES;
				CLANG_WARN_DIRECT_OBJC_ISA_USAGE = YES_ERROR;
				CLANG_WARN_DOCUMENTATION_COMMENTS = YES;
				CLANG_WARN_EMPTY_BODY = YES;
				CLANG_WARN_ENUM_CONVERSION = YES;
				CLANG_WARN_INFINITE_RECURSION = YES;
				CLANG_WARN_INT_CONVERSION = YES;
				CLANG_WARN_NON_LITERAL_NULL_CONVERSION = YES;
				CLANG_WARN_OBJC_IMPLICIT_RETAIN_SELF = YES;
				CLANG_WARN_OBJC_LITERAL_CONVERSION = YES;
				CLANG_WARN_OBJC_ROOT_CLASS = YES_ERROR;
				CLANG_WARN_RANGE_LOOP_ANALYSIS = YES;
				CLANG_WARN_STRICT_PROTOTYPES = YES;
				CLANG_WARN_SUSPICIOUS_MOVE = YES;
				CLANG_WARN_UNGUARDED_AVAILABILITY = YES_AGGRESSIVE;
				CLANG_WARN_UNREACHABLE_CODE = YES;
				CLANG_WARN__DUPLICATE_METHOD_MATCH = YES;
				CODE_SIGN_IDENTITY = "iPhone Developer";
				COPY_PHASE_STRIP = NO;
				DEBUG_INFORMATION_FORMAT = "dwarf-with-dsym";
				ENABLE_NS_ASSERTIONS = NO;
				ENABLE_STRICT_OBJC_MSGSEND = YES;
				GCC_C_LANGUAGE_STANDARD = gnu11;
				GCC_NO_COMMON_BLOCKS = YES;
				GCC_WARN_64_TO_32_BIT_CONVERSION = YES;
				GCC_WARN_ABOUT_RETURN_TYPE = YES_ERROR;
				GCC_WARN_UNDECLARED_SELECTOR = YES;
				GCC_WARN_UNINITIALIZED_AUTOS = YES_AGGRESSIVE;
				GCC_WARN_UNUSED_FUNCTION = YES;
				GCC_WARN_UNUSED_VARIABLE = YES;
				IPHONEOS_DEPLOYMENT_TARGET = 12.0;
				Licence_key = free_key321;
				MTL_ENABLE_DEBUG_INFO = NO;
				MTL_FAST_MATH = YES;
				SDKROOT = iphoneos;
				SWIFT_COMPILATION_MODE = wholemodule;
				SWIFT_OPTIMIZATION_LEVEL = "-O";
				VALIDATE_PRODUCT = YES;
			};
			name = Release;
		};
		2C6CA42722C8A60000B2F7D5 /* Debug */ = {
			isa = XCBuildConfiguration;
			baseConfigurationReference = A18555958AB448D9C2A251E2 /* Pods-Notes.debug.xcconfig */;
			buildSettings = {
				ASSETCATALOG_COMPILER_APPICON_NAME = AppIcon;
				CODE_SIGN_STYLE = Automatic;
				DEVELOPMENT_TEAM = 5P9WN6B6S3;
				INFOPLIST_FILE = Notes/Info.plist;
				IPHONEOS_DEPLOYMENT_TARGET = 12.0;
				LD_RUNPATH_SEARCH_PATHS = (
					"$(inherited)",
					"@executable_path/Frameworks",
				);
				PRODUCT_BUNDLE_IDENTIFIER = vzbiven.Notes;
				PRODUCT_NAME = "$(TARGET_NAME)";
				SWIFT_VERSION = 5.0;
				TARGETED_DEVICE_FAMILY = 1;
			};
			name = Debug;
		};
		2C6CA42822C8A60000B2F7D5 /* Release */ = {
			isa = XCBuildConfiguration;
			baseConfigurationReference = 97E8CA4A3A541CB54977EA80 /* Pods-Notes.release.xcconfig */;
			buildSettings = {
				ASSETCATALOG_COMPILER_APPICON_NAME = AppIcon;
				CODE_SIGN_STYLE = Automatic;
				DEVELOPMENT_TEAM = 5P9WN6B6S3;
				INFOPLIST_FILE = Notes/Info.plist;
				IPHONEOS_DEPLOYMENT_TARGET = 12.0;
				LD_RUNPATH_SEARCH_PATHS = (
					"$(inherited)",
					"@executable_path/Frameworks",
				);
				PRODUCT_BUNDLE_IDENTIFIER = vzbiven.Notes;
				PRODUCT_NAME = "$(TARGET_NAME)";
				SWIFT_VERSION = 5.0;
				TARGETED_DEVICE_FAMILY = 1;
			};
			name = Release;
		};
		2C6CA42A22C8A60000B2F7D5 /* Debug */ = {
			isa = XCBuildConfiguration;
			baseConfigurationReference = 1967612ECDD7CB0C9E405A63 /* Pods-NotesTests.debug.xcconfig */;
			buildSettings = {
				ALWAYS_EMBED_SWIFT_STANDARD_LIBRARIES = YES;
				BUNDLE_LOADER = "$(TEST_HOST)";
				CODE_SIGN_STYLE = Automatic;
				DEVELOPMENT_TEAM = 5P9WN6B6S3;
				INFOPLIST_FILE = NotesTests/Info.plist;
				LD_RUNPATH_SEARCH_PATHS = (
					"$(inherited)",
					"@executable_path/Frameworks",
					"@loader_path/Frameworks",
				);
				PRODUCT_BUNDLE_IDENTIFIER = vzbiven.NotesTests;
				PRODUCT_NAME = "$(TARGET_NAME)";
				SWIFT_VERSION = 5.0;
				TARGETED_DEVICE_FAMILY = "1,2";
				TEST_HOST = "$(BUILT_PRODUCTS_DIR)/Notes.app/Notes";
			};
			name = Debug;
		};
		2C6CA42B22C8A60000B2F7D5 /* Release */ = {
			isa = XCBuildConfiguration;
			baseConfigurationReference = 0899DE48B4D8EBDF6C704347 /* Pods-NotesTests.release.xcconfig */;
			buildSettings = {
				ALWAYS_EMBED_SWIFT_STANDARD_LIBRARIES = YES;
				BUNDLE_LOADER = "$(TEST_HOST)";
				CODE_SIGN_STYLE = Automatic;
				DEVELOPMENT_TEAM = 5P9WN6B6S3;
				INFOPLIST_FILE = NotesTests/Info.plist;
				LD_RUNPATH_SEARCH_PATHS = (
					"$(inherited)",
					"@executable_path/Frameworks",
					"@loader_path/Frameworks",
				);
				PRODUCT_BUNDLE_IDENTIFIER = vzbiven.NotesTests;
				PRODUCT_NAME = "$(TARGET_NAME)";
				SWIFT_VERSION = 5.0;
				TARGETED_DEVICE_FAMILY = "1,2";
				TEST_HOST = "$(BUILT_PRODUCTS_DIR)/Notes.app/Notes";
			};
			name = Release;
		};
		2CDDBBD422CD0A6F005A1B43 /* Paid */ = {
			isa = XCBuildConfiguration;
			buildSettings = {
				ALWAYS_SEARCH_USER_PATHS = NO;
				ASSETCATALOG_COMPILER_APPICON_NAME = "";
				CLANG_ANALYZER_NONNULL = YES;
				CLANG_ANALYZER_NUMBER_OBJECT_CONVERSION = YES_AGGRESSIVE;
				CLANG_CXX_LANGUAGE_STANDARD = "gnu++14";
				CLANG_CXX_LIBRARY = "libc++";
				CLANG_ENABLE_MODULES = YES;
				CLANG_ENABLE_OBJC_ARC = YES;
				CLANG_ENABLE_OBJC_WEAK = YES;
				CLANG_WARN_BLOCK_CAPTURE_AUTORELEASING = YES;
				CLANG_WARN_BOOL_CONVERSION = YES;
				CLANG_WARN_COMMA = YES;
				CLANG_WARN_CONSTANT_CONVERSION = YES;
				CLANG_WARN_DEPRECATED_OBJC_IMPLEMENTATIONS = YES;
				CLANG_WARN_DIRECT_OBJC_ISA_USAGE = YES_ERROR;
				CLANG_WARN_DOCUMENTATION_COMMENTS = YES;
				CLANG_WARN_EMPTY_BODY = YES;
				CLANG_WARN_ENUM_CONVERSION = YES;
				CLANG_WARN_INFINITE_RECURSION = YES;
				CLANG_WARN_INT_CONVERSION = YES;
				CLANG_WARN_NON_LITERAL_NULL_CONVERSION = YES;
				CLANG_WARN_OBJC_IMPLICIT_RETAIN_SELF = YES;
				CLANG_WARN_OBJC_LITERAL_CONVERSION = YES;
				CLANG_WARN_OBJC_ROOT_CLASS = YES_ERROR;
				CLANG_WARN_RANGE_LOOP_ANALYSIS = YES;
				CLANG_WARN_STRICT_PROTOTYPES = YES;
				CLANG_WARN_SUSPICIOUS_MOVE = YES;
				CLANG_WARN_UNGUARDED_AVAILABILITY = YES_AGGRESSIVE;
				CLANG_WARN_UNREACHABLE_CODE = YES;
				CLANG_WARN__DUPLICATE_METHOD_MATCH = YES;
				CODE_SIGN_IDENTITY = "iPhone Developer";
				COPY_PHASE_STRIP = NO;
				DEBUG_INFORMATION_FORMAT = "dwarf-with-dsym";
				ENABLE_NS_ASSERTIONS = NO;
				ENABLE_STRICT_OBJC_MSGSEND = YES;
				GCC_C_LANGUAGE_STANDARD = gnu11;
				GCC_NO_COMMON_BLOCKS = YES;
				GCC_WARN_64_TO_32_BIT_CONVERSION = YES;
				GCC_WARN_ABOUT_RETURN_TYPE = YES_ERROR;
				GCC_WARN_UNDECLARED_SELECTOR = YES;
				GCC_WARN_UNINITIALIZED_AUTOS = YES_AGGRESSIVE;
				GCC_WARN_UNUSED_FUNCTION = YES;
				GCC_WARN_UNUSED_VARIABLE = YES;
				IPHONEOS_DEPLOYMENT_TARGET = 12.0;
				Licence_key = paid_key123;
				MTL_ENABLE_DEBUG_INFO = NO;
				MTL_FAST_MATH = YES;
				SDKROOT = iphoneos;
				SWIFT_COMPILATION_MODE = wholemodule;
				SWIFT_OPTIMIZATION_LEVEL = "-O";
				VALIDATE_PRODUCT = YES;
			};
			name = Paid;
		};
		2CDDBBD522CD0A6F005A1B43 /* Paid */ = {
			isa = XCBuildConfiguration;
			baseConfigurationReference = 54AEFCA3BAE913BA41C649B0 /* Pods-Notes.paid.xcconfig */;
			buildSettings = {
				ASSETCATALOG_COMPILER_APPICON_NAME = AppIcon_paid;
				CODE_SIGN_STYLE = Automatic;
				DEVELOPMENT_TEAM = 5P9WN6B6S3;
				INFOPLIST_FILE = Notes/Info.plist;
				IPHONEOS_DEPLOYMENT_TARGET = 12.0;
				LD_RUNPATH_SEARCH_PATHS = (
					"$(inherited)",
					"@executable_path/Frameworks",
				);
				PRODUCT_BUNDLE_IDENTIFIER = vzbiven.Notes;
				PRODUCT_NAME = "$(TARGET_NAME)";
				SWIFT_VERSION = 5.0;
				TARGETED_DEVICE_FAMILY = 1;
			};
			name = Paid;
		};
		2CDDBBD622CD0A70005A1B43 /* Paid */ = {
			isa = XCBuildConfiguration;
			baseConfigurationReference = 6F69C586301EAE0A4D2DEAAA /* Pods-NotesTests.paid.xcconfig */;
			buildSettings = {
				ALWAYS_EMBED_SWIFT_STANDARD_LIBRARIES = YES;
				BUNDLE_LOADER = "$(TEST_HOST)";
				CODE_SIGN_STYLE = Automatic;
				DEVELOPMENT_TEAM = 5P9WN6B6S3;
				INFOPLIST_FILE = NotesTests/Info.plist;
				LD_RUNPATH_SEARCH_PATHS = (
					"$(inherited)",
					"@executable_path/Frameworks",
					"@loader_path/Frameworks",
				);
				PRODUCT_BUNDLE_IDENTIFIER = vzbiven.NotesTests;
				PRODUCT_NAME = "$(TARGET_NAME)";
				SWIFT_VERSION = 5.0;
				TARGETED_DEVICE_FAMILY = "1,2";
				TEST_HOST = "$(BUILT_PRODUCTS_DIR)/Notes.app/Notes";
			};
			name = Paid;
		};
/* End XCBuildConfiguration section */

/* Begin XCConfigurationList section */
		2C6CA40422C8A5F900B2F7D5 /* Build configuration list for PBXProject "Notes" */ = {
			isa = XCConfigurationList;
			buildConfigurations = (
				2C6CA42422C8A60000B2F7D5 /* Debug */,
				2C6CA42522C8A60000B2F7D5 /* Release */,
				2CDDBBD422CD0A6F005A1B43 /* Paid */,
			);
			defaultConfigurationIsVisible = 0;
			defaultConfigurationName = Release;
		};
		2C6CA42622C8A60000B2F7D5 /* Build configuration list for PBXNativeTarget "Notes" */ = {
			isa = XCConfigurationList;
			buildConfigurations = (
				2C6CA42722C8A60000B2F7D5 /* Debug */,
				2C6CA42822C8A60000B2F7D5 /* Release */,
				2CDDBBD522CD0A6F005A1B43 /* Paid */,
			);
			defaultConfigurationIsVisible = 0;
			defaultConfigurationName = Release;
		};
		2C6CA42922C8A60000B2F7D5 /* Build configuration list for PBXNativeTarget "NotesTests" */ = {
			isa = XCConfigurationList;
			buildConfigurations = (
				2C6CA42A22C8A60000B2F7D5 /* Debug */,
				2C6CA42B22C8A60000B2F7D5 /* Release */,
				2CDDBBD622CD0A70005A1B43 /* Paid */,
			);
			defaultConfigurationIsVisible = 0;
			defaultConfigurationName = Release;
		};
/* End XCConfigurationList section */
	};
	rootObject = 2C6CA40122C8A5F900B2F7D5 /* Project object */;
}
